
Microsoft Visual Studio Solution File, Format Version 12.00
# Visual Studio Version 17
VisualStudioVersion = 17.10.35122.118
MinimumVisualStudioVersion = 10.0.40219.1
Project("{FAE04EC0-301F-11D3-BF4B-00C04F79EFBC}") = "componentes_picturebox", "componentes_picturebox\componentes_picturebox.csproj", "{CFC57196-EB7C-48C2-A567-D0DBD7206089}"
EndProject
Global
	GlobalSection(SolutionConfigurationPlatforms) = preSolution
		Debug|Any CPU = Debug|Any CPU
		Release|Any CPU = Release|Any CPU
	EndGlobalSection
	GlobalSection(ProjectConfigurationPlatforms) = postSolution
		{CFC57196-EB7C-48C2-A567-D0DBD7206089}.Debug|Any CPU.ActiveCfg = Debug|Any CPU
		{CFC57196-EB7C-48C2-A567-D0DBD7206089}.Debug|Any CPU.Build.0 = Debug|Any CPU
		{CFC57196-EB7C-48C2-A567-D0DBD7206089}.Release|Any CPU.ActiveCfg = Release|Any CPU
		{CFC57196-EB7C-48C2-A567-D0DBD7206089}.Release|Any CPU.Build.0 = Release|Any CPU
	EndGlobalSection
	GlobalSection(SolutionProperties) = preSolution
		HideSolutionNode = FALSE
	EndGlobalSection
	GlobalSection(ExtensibilityGlobals) = postSolution
		SolutionGuid = {C9158F25-261B-4BD8-9683-983BEF3CF0C7}
	EndGlobalSection
EndGlobal
